
Microsoft Visual Studio Solution File, Format Version 12.00
# Visual Studio Version 17
VisualStudioVersion = 17.0.32126.317
MinimumVisualStudioVersion = 10.0.40219.1
Project("{FAE04EC0-301F-11D3-BF4B-00C04F79EFBC}") = "zadanie-rekrutacyjne-2", "zadanie-rekrutacyjne-2\zadanie-rekrutacyjne-2.csproj", "{E23435C3-1FF8-45F1-A90A-67F54089369F}"
EndProject
Global
	GlobalSection(SolutionConfigurationPlatforms) = preSolution
		Debug|Any CPU = Debug|Any CPU
		Release|Any CPU = Release|Any CPU
	EndGlobalSection
	GlobalSection(ProjectConfigurationPlatforms) = postSolution
		{E23435C3-1FF8-45F1-A90A-67F54089369F}.Debug|Any CPU.ActiveCfg = Debug|Any CPU
		{E23435C3-1FF8-45F1-A90A-67F54089369F}.Debug|Any CPU.Build.0 = Debug|Any CPU
		{E23435C3-1FF8-45F1-A90A-67F54089369F}.Release|Any CPU.ActiveCfg = Release|Any CPU
		{E23435C3-1FF8-45F1-A90A-67F54089369F}.Release|Any CPU.Build.0 = Release|Any CPU
	EndGlobalSection
	GlobalSection(SolutionProperties) = preSolution
		HideSolutionNode = FALSE
	EndGlobalSection
	GlobalSection(ExtensibilityGlobals) = postSolution
		SolutionGuid = {F30ABB00-F941-4ABF-8863-37291B7E3413}
	EndGlobalSection
EndGlobal
